<?xml version="1.0" encoding="utf-8"?>
<Project ToolsVersion="4.0" xmlns="http://schemas.microsoft.com/developer/msbuild/2003">
  <ItemGroup>
    <Filter Include="Source Files">
      <UniqueIdentifier>{4FC737F1-C7A5-4376-A066-2A32D752A2FF}</UniqueIdentifier>
      <Extensions>cpp;c;cc;cxx;def;odl;idl;hpj;bat;asm;asmx</Extensions>
    </Filter>
    <Filter Include="Header Files">
      <UniqueIdentifier>{93995380-89BD-4b04-88EB-625FBE52EBFB}</UniqueIdentifier>
      <Extensions>h;hh;hpp;hxx;hm;inl;inc;xsd</Extensions>
    </Filter>
    <Filter Include="Resource Files">
      <UniqueIdentifier>{67DA6AB6-F800-4c08-8B7A-83BB121AAD01}</UniqueIdentifier>
      <Extensions>qrc;rc;ico;cur;bmp;dlg;rc2;rct;bin;rgs;gif;jpg;jpeg;jpe;resx;tiff;tif;png;wav;mfcribbon-ms</Extensions>
    </Filter>
    <Filter Include="Form Files">
      <UniqueIdentifier>{99349809-55BA-4b9d-BF79-8FDBB0286EB3}</UniqueIdentifier>
      <Extensions>ui</Extensions>
    </Filter>
    <Filter Include="Translation Files">
      <UniqueIdentifier>{639EADAA-A684-42e4-A9AD-28FC9BCB8F7C}</UniqueIdentifier>
      <Extensions>ts</Extensions>
    </Filter>
    <Filter Include="serial">
      <UniqueIdentifier>{848cca67-f124-4c05-99e1-759e1209f5d0}</UniqueIdentifier>
    </Filter>
  </ItemGroup>
  <ItemGroup>
    <QtRcc Include="QtLightControl_Test.qrc">
      <Filter>Resource Files</Filter>
    </QtRcc>
    <QtUic Include="QtLightControl_Test.ui">
      <Filter>Form Files</Filter>
    </QtUic>
    <QtMoc Include="QtLightControl_Test.h">
      <Filter>Header Files</Filter>
    </QtMoc>
    <ClCompile Include="QtLightControl_Test.cpp">
      <Filter>Source Files</Filter>
    </ClCompile>
  </ItemGroup>
  <ItemGroup>
    <ClCompile Include="main.cpp">
      <Filter>Source Files</Filter>
    </ClCompile>
    <ClCompile Include="serial\src\serial.cc">
      <Filter>serial</Filter>
    </ClCompile>
    <ClCompile Include="serial\src\impl\win.cc">
      <Filter>serial</Filter>
    </ClCompile>
    <ClCompile Include="serial\src\impl\list_ports\list_ports_win.cc">
      <Filter>serial</Filter>
    </ClCompile>
    <ClCompile Include="PTNCSerialBase.cpp">
      <Filter>Source Files</Filter>
    </ClCompile>
  </ItemGroup>
  <ItemGroup>
    <ClInclude Include="PTNCSerialBase.h">
      <Filter>Header Files</Filter>
    </ClInclude>
    <ClInclude Include="serial\include\serial\serial.h">
      <Filter>serial</Filter>
    </ClInclude>
    <ClInclude Include="serial\include\serial\impl\win.h">
      <Filter>serial</Filter>
    </ClInclude>
  </ItemGroup>
</Project>